PODS:
  - AdPlayerSDK (1.9.5):
    - GoogleAds-IMA-iOS-SDK (~> 3.1)
  - AppHarbrSDK (1.11.0)
  - Google-Mobile-Ads-SDK (10.14.0):
    - GoogleAppMeasurement (< 11.0, >= 7.0)
    - GoogleUserMessagingPlatform (>= 1.1)
  - GoogleAds-IMA-iOS-SDK (3.19.2)
  - GoogleAppMeasurement (10.20.0):
    - GoogleAppMeasurement/AdIdSupport (= 10.20.0)
    - GoogleUtilities/AppDelegateSwizzler (~> 7.11)
    - GoogleUtilities/MethodSwizzler (~> 7.11)
    - GoogleUtilities/Network (~> 7.11)
    - "GoogleUtilities/NSData+zlib (~> 7.11)"
    - nanopb (< 2.30910.0, >= 2.30908.0)
  - GoogleAppMeasurement/AdIdSupport (10.20.0):
    - GoogleAppMeasurement/WithoutAdIdSupport (= 10.20.0)
    - GoogleUtilities/AppDelegateSwizzler (~> 7.11)
    - GoogleUtilities/MethodSwizzler (~> 7.11)
    - GoogleUtilities/Network (~> 7.11)
    - "GoogleUtilities/NSData+zlib (~> 7.11)"
    - nanopb (< 2.30910.0, >= 2.30908.0)
  - GoogleAppMeasurement/WithoutAdIdSupport (10.20.0):
    - GoogleUtilities/AppDelegateSwizzler (~> 7.11)
    - GoogleUtilities/MethodSwizzler (~> 7.11)
    - GoogleUtilities/Network (~> 7.11)
    - "GoogleUtilities/NSData+zlib (~> 7.11)"
    - nanopb (< 2.30910.0, >= 2.30908.0)
  - GoogleUserMessagingPlatform (2.1.0)
  - GoogleUtilities/AppDelegateSwizzler (7.12.0):
    - GoogleUtilities/Environment
    - GoogleUtilities/Logger
    - GoogleUtilities/Network
  - GoogleUtilities/Environment (7.12.0):
    - PromisesObjC (< 3.0, >= 1.2)
  - GoogleUtilities/Logger (7.12.0):
    - GoogleUtilities/Environment
  - GoogleUtilities/MethodSwizzler (7.12.0):
    - GoogleUtilities/Logger
  - GoogleUtilities/Network (7.12.0):
    - GoogleUtilities/Logger
    - "GoogleUtilities/NSData+zlib"
    - GoogleUtilities/Reachability
  - "GoogleUtilities/NSData+zlib (7.12.0)"
  - GoogleUtilities/Reachability (7.12.0):
    - GoogleUtilities/Logger
  - nanopb (2.30909.1):
    - nanopb/decode (= 2.30909.1)
    - nanopb/encode (= 2.30909.1)
  - nanopb/decode (2.30909.1)
  - nanopb/encode (2.30909.1)
  - OpenWrapHandlerDFP (4.0.0):
    - Google-Mobile-Ads-SDK (>= 8.12.0)
    - OpenWrapSDK (>= 3.0.0)
  - OpenWrapSDK (3.3.0):
    - OpenWrapSDK/OpenWrap (= 3.3.0)
  - OpenWrapSDK/OpenWrap (3.3.0)
  - PromisesObjC (2.3.1)
  - RxSwift (6.6.0)
  - SpotImStandaloneAds (0.3.4):
    - AdPlayerSDK (>= 1.9.5)
    - AppHarbrSDK (>= 1.11.0)
    - OpenWrapHandlerDFP
    - OpenWrapSDK

DEPENDENCIES:
  - RxSwift
  - SpotImStandaloneAds (= 0.3.4)

SPEC REPOS:
  trunk:
    - AdPlayerSDK
    - AppHarbrSDK
    - Google-Mobile-Ads-SDK
    - GoogleAds-IMA-iOS-SDK
    - GoogleAppMeasurement
    - GoogleUserMessagingPlatform
    - GoogleUtilities
    - nanopb
    - OpenWrapHandlerDFP
    - OpenWrapSDK
    - PromisesObjC
    - RxSwift
    - SpotImStandaloneAds

SPEC CHECKSUMS:
  AdPlayerSDK: 5b8a2f1654ff3a8a33933cf47763dc93bb86ba16
  AppHarbrSDK: ef6bccc6af92861f7d43d9146abc710706c4a0ba
  Google-Mobile-Ads-SDK: 8f67a72f88d057335b1ac3f501e2b68ad054116e
  GoogleAds-IMA-iOS-SDK: 0e817c05ab26f1b9285c80f4a75e1350a916d50b
  GoogleAppMeasurement: bb3c564c3efb933136af0e94899e0a46167466a8
  GoogleUserMessagingPlatform: dce302b8f1b84d6e945812ee7a15c3f65a102cbf
  GoogleUtilities: 0759d1a57ebb953965c2dfe0ba4c82e95ccc2e34
  nanopb: d4d75c12cd1316f4a64e3c6963f879ecd4b5e0d5
  OpenWrapHandlerDFP: 4bc2dc8a98f38a6747e91871531134ecfee71ddf
  OpenWrapSDK: 6c4d6c18c8be9aacb6e6859197806938a439c053
  PromisesObjC: c50d2056b5253dadbd6c2bea79b0674bd5a52fa4
  RxSwift: a4b44f7d24599f674deebd1818eab82e58410632
  SpotImStandaloneAds: 6bfa5d89497964f50435cd0780f1615f59e3b5a9

PODFILE CHECKSUM: 89295d34966b914dfda5de276e19d8560666d696

COCOAPODS: 1.14.3
