PODS:
  - AdPlayerSDK (1.10.2):
    - GoogleAds-IMA-iOS-SDK (~> 3.1)
  - AppHarbrSDK (1.11.0)
  - Google-Mobile-Ads-SDK (10.14.0):
    - GoogleAppMeasurement (< 11.0, >= 7.0)
    - GoogleUserMessagingPlatform (>= 1.1)
  - GoogleAds-IMA-iOS-SDK (3.20.0)
  - GoogleAppMeasurement (10.22.0):
    - GoogleAppMeasurement/AdIdSupport (= 10.22.0)
    - GoogleUtilities/AppDelegateSwizzler (~> 7.11)
    - GoogleUtilities/MethodSwizzler (~> 7.11)
    - GoogleUtilities/Network (~> 7.11)
    - "GoogleUtilities/NSData+zlib (~> 7.11)"
    - nanopb (< 2.30911.0, >= 2.30908.0)
  - GoogleAppMeasurement/AdIdSupport (10.22.0):
    - GoogleAppMeasurement/WithoutAdIdSupport (= 10.22.0)
    - GoogleUtilities/AppDelegateSwizzler (~> 7.11)
    - GoogleUtilities/MethodSwizzler (~> 7.11)
    - GoogleUtilities/Network (~> 7.11)
    - "GoogleUtilities/NSData+zlib (~> 7.11)"
    - nanopb (< 2.30911.0, >= 2.30908.0)
  - GoogleAppMeasurement/WithoutAdIdSupport (10.22.0):
    - GoogleUtilities/AppDelegateSwizzler (~> 7.11)
    - GoogleUtilities/MethodSwizzler (~> 7.11)
    - GoogleUtilities/Network (~> 7.11)
    - "GoogleUtilities/NSData+zlib (~> 7.11)"
    - nanopb (< 2.30911.0, >= 2.30908.0)
  - GoogleUserMessagingPlatform (2.2.0)
  - GoogleUtilities/AppDelegateSwizzler (7.13.0):
    - GoogleUtilities/Environment
    - GoogleUtilities/Logger
    - GoogleUtilities/Network
    - GoogleUtilities/Privacy
  - GoogleUtilities/Environment (7.13.0):
    - GoogleUtilities/Privacy
    - PromisesObjC (< 3.0, >= 1.2)
  - GoogleUtilities/Logger (7.13.0):
    - GoogleUtilities/Environment
    - GoogleUtilities/Privacy
  - GoogleUtilities/MethodSwizzler (7.13.0):
    - GoogleUtilities/Logger
    - GoogleUtilities/Privacy
  - GoogleUtilities/Network (7.13.0):
    - GoogleUtilities/Logger
    - "GoogleUtilities/NSData+zlib"
    - GoogleUtilities/Privacy
    - GoogleUtilities/Reachability
  - "GoogleUtilities/NSData+zlib (7.13.0)":
    - GoogleUtilities/Privacy
  - GoogleUtilities/Privacy (7.13.0)
  - GoogleUtilities/Reachability (7.13.0):
    - GoogleUtilities/Logger
    - GoogleUtilities/Privacy
  - MobileFuseSDK (1.7.1)
  - nanopb (2.30910.0):
    - nanopb/decode (= 2.30910.0)
    - nanopb/encode (= 2.30910.0)
  - nanopb/decode (2.30910.0)
  - nanopb/encode (2.30910.0)
  - NimbusSDK/NimbusCoreKit (2.19.1)
  - NimbusSDK/NimbusGAMKit (2.19.1):
    - Google-Mobile-Ads-SDK (>= 9.0.0)
    - NimbusSDK/NimbusKit
  - NimbusSDK/NimbusKit (2.19.1):
    - MobileFuseSDK (~> 1.7)
    - NimbusSDK/NimbusRenderKit
    - NimbusSDK/NimbusRenderStaticKit
    - NimbusSDK/NimbusRenderVideoKit
    - NimbusSDK/NimbusRequestKit
  - NimbusSDK/NimbusRenderKit (2.19.1):
    - NimbusSDK/NimbusCoreKit
  - NimbusSDK/NimbusRenderStaticKit (2.19.1):
    - NimbusSDK/NimbusRenderKit
  - NimbusSDK/NimbusRenderVideoKit (2.19.1):
    - GoogleAds-IMA-iOS-SDK (>= 3.18.4)
    - NimbusSDK/NimbusRenderKit
  - NimbusSDK/NimbusRequestKit (2.19.1):
    - NimbusSDK/NimbusCoreKit
  - OpenWrapHandlerDFP (4.0.0):
    - Google-Mobile-Ads-SDK (>= 8.12.0)
    - OpenWrapSDK (>= 3.0.0)
  - OpenWrapSDK (3.4.1):
    - OpenWrapSDK/OpenWrap (= 3.4.1)
  - OpenWrapSDK/OpenWrap (3.4.1)
  - PromisesObjC (2.4.0)
  - SpotImStandaloneAds (1.0.0):
    - AdPlayerSDK (= 1.10.2)
    - AppHarbrSDK (~> 1.11.0)
    - Google-Mobile-Ads-SDK (~> 10.0)
    - NimbusSDK/NimbusGAMKit (~> 2.19.1)
    - NimbusSDK/NimbusKit (~> 2.19.1)
    - NimbusSDK/NimbusRenderStaticKit (~> 2.19.1)
    - OpenWrapHandlerDFP (= 4.0.0)
    - OpenWrapSDK (= 3.4.1)

DEPENDENCIES:
  - SpotImStandaloneAds (= 1.0.0)

SPEC REPOS:
  trunk:
    - AdPlayerSDK
    - AppHarbrSDK
    - Google-Mobile-Ads-SDK
    - GoogleAds-IMA-iOS-SDK
    - GoogleAppMeasurement
    - GoogleUserMessagingPlatform
    - GoogleUtilities
    - MobileFuseSDK
    - nanopb
    - NimbusSDK
    - OpenWrapHandlerDFP
    - OpenWrapSDK
    - PromisesObjC
    - SpotImStandaloneAds

SPEC CHECKSUMS:
  AdPlayerSDK: e56fdce50b146d5e8c0437b7ec8a0b7776bdb1e7
  AppHarbrSDK: ef6bccc6af92861f7d43d9146abc710706c4a0ba
  Google-Mobile-Ads-SDK: 8f67a72f88d057335b1ac3f501e2b68ad054116e
  GoogleAds-IMA-iOS-SDK: f9a6bd69e34f6c3a2d6b2f7cd56814b78fc680f9
  GoogleAppMeasurement: ccefe3eac9b0aa27f96066809fb1a7fe4b462626
  GoogleUserMessagingPlatform: d31dbfb40ec02c5d9683029815c5d5a7f46389ee
  GoogleUtilities: d053d902a8edaa9904e1bd00c37535385b8ed152
  MobileFuseSDK: 976c01e98795b8de6ecd46ba1d6214886adc7446
  nanopb: 438bc412db1928dac798aa6fd75726007be04262
  NimbusSDK: f6741a2452e43bda1ad9771db6518266a174822f
  OpenWrapHandlerDFP: 4bc2dc8a98f38a6747e91871531134ecfee71ddf
  OpenWrapSDK: f5c6cdb00230e69362d18367e17f712160d55d37
  PromisesObjC: f5707f49cb48b9636751c5b2e7d227e43fba9f47
  SpotImStandaloneAds: 3c2ec0219693361600e23b55835cb50475db4b76

PODFILE CHECKSUM: e5d4cdfd3de7ccdfd7cc438fad06d41c707bde29

COCOAPODS: 1.14.3
